
Microsoft Visual Studio Solution File, Format Version 12.00
# Visual Studio Version 17
VisualStudioVersion = 17.14.36401.2 d17.14
MinimumVisualStudioVersion = 10.0.40219.1
Project("{FAE04EC0-301F-11D3-BF4B-00C04F79EFBC}") = "Q3", "Q3\Q3.csproj", "{66FFA75B-BE93-4AF4-9B2E-5E6D99327543}"
EndProject
Global
	GlobalSection(SolutionConfigurationPlatforms) = preSolution
		Debug|Any CPU = Debug|Any CPU
		Release|Any CPU = Release|Any CPU
	EndGlobalSection
	GlobalSection(ProjectConfigurationPlatforms) = postSolution
		{66FFA75B-BE93-4AF4-9B2E-5E6D99327543}.Debug|Any CPU.ActiveCfg = Debug|Any CPU
		{66FFA75B-BE93-4AF4-9B2E-5E6D99327543}.Debug|Any CPU.Build.0 = Debug|Any CPU
		{66FFA75B-BE93-4AF4-9B2E-5E6D99327543}.Release|Any CPU.ActiveCfg = Release|Any CPU
		{66FFA75B-BE93-4AF4-9B2E-5E6D99327543}.Release|Any CPU.Build.0 = Release|Any CPU
	EndGlobalSection
	GlobalSection(SolutionProperties) = preSolution
		HideSolutionNode = FALSE
	EndGlobalSection
	GlobalSection(ExtensibilityGlobals) = postSolution
		SolutionGuid = {7AF17B3D-E54B-4926-934B-F40872D9E8C2}
	EndGlobalSection
EndGlobal
