
Microsoft Visual Studio Solution File, Format Version 12.00
# Visual Studio Version 17
VisualStudioVersion = 17.14.36401.2 d17.14
MinimumVisualStudioVersion = 10.0.40219.1
Project("{FAE04EC0-301F-11D3-BF4B-00C04F79EFBC}") = "turorial_3_1", "turorial_3_1\turorial_3_1.csproj", "{4FA88E81-4C37-4D5B-9A1B-BE453864838F}"
EndProject
Global
	GlobalSection(SolutionConfigurationPlatforms) = preSolution
		Debug|Any CPU = Debug|Any CPU
		Release|Any CPU = Release|Any CPU
	EndGlobalSection
	GlobalSection(ProjectConfigurationPlatforms) = postSolution
		{4FA88E81-4C37-4D5B-9A1B-BE453864838F}.Debug|Any CPU.ActiveCfg = Debug|Any CPU
		{4FA88E81-4C37-4D5B-9A1B-BE453864838F}.Debug|Any CPU.Build.0 = Debug|Any CPU
		{4FA88E81-4C37-4D5B-9A1B-BE453864838F}.Release|Any CPU.ActiveCfg = Release|Any CPU
		{4FA88E81-4C37-4D5B-9A1B-BE453864838F}.Release|Any CPU.Build.0 = Release|Any CPU
	EndGlobalSection
	GlobalSection(SolutionProperties) = preSolution
		HideSolutionNode = FALSE
	EndGlobalSection
	GlobalSection(ExtensibilityGlobals) = postSolution
		SolutionGuid = {6DBD2DC3-3825-4565-B88E-19BF6B757A9A}
	EndGlobalSection
EndGlobal
